
Microsoft Visual Studio Solution File, Format Version 12.00
# Visual Studio 2015
Project("{FAE04EC0-301F-11D3-BF4B-00C04F79EFBC}") = "Project AVR.CSharp", "Project AVR.CSharp.csproj", "{1C216463-F69D-59E2-AFF0-AFCEF4997CEB}"
EndProject
Project("{FAE04EC0-301F-11D3-BF4B-00C04F79EFBC}") = "Project AVR.CSharp.Editor", "Project AVR.CSharp.Editor.csproj", "{5CEEF96F-2BF0-30E0-E015-D2E9F0917335}"
EndProject
Global
	GlobalSection(SolutionConfigurationPlatforms) = preSolution
		Debug|Any CPU = Debug|Any CPU
		Release|Any CPU = Release|Any CPU
	EndGlobalSection
	GlobalSection(ProjectConfigurationPlatforms) = postSolution
		{1C216463-F69D-59E2-AFF0-AFCEF4997CEB}.Debug|Any CPU.ActiveCfg = Debug|Any CPU
		{1C216463-F69D-59E2-AFF0-AFCEF4997CEB}.Debug|Any CPU.Build.0 = Debug|Any CPU
		{1C216463-F69D-59E2-AFF0-AFCEF4997CEB}.Release|Any CPU.ActiveCfg = Release|Any CPU
		{1C216463-F69D-59E2-AFF0-AFCEF4997CEB}.Release|Any CPU.Build.0 = Release|Any CPU
		{5CEEF96F-2BF0-30E0-E015-D2E9F0917335}.Debug|Any CPU.ActiveCfg = Debug|Any CPU
		{5CEEF96F-2BF0-30E0-E015-D2E9F0917335}.Debug|Any CPU.Build.0 = Debug|Any CPU
		{5CEEF96F-2BF0-30E0-E015-D2E9F0917335}.Release|Any CPU.ActiveCfg = Release|Any CPU
		{5CEEF96F-2BF0-30E0-E015-D2E9F0917335}.Release|Any CPU.Build.0 = Release|Any CPU
	EndGlobalSection
	GlobalSection(SolutionProperties) = preSolution
		HideSolutionNode = FALSE
	EndGlobalSection
EndGlobal
